# THIS IS AN AUTOGENERATED FILE. DO NOT EDIT THIS FILE DIRECTLY.
# yarn lockfile v1


ansi-styles@^3.0.0:
  version "3.2.1"
  resolved "https://registry.yarnpkg.com/ansi-styles/-/ansi-styles-3.2.1.tgz#41fbb20243e50b12be0f04b8dedbf07520ce841d"
  integrity sha512-VT0ZI6kZRdTh8YyJw3SMbYm/u+NqfsAxEpWO0Pf9sq8/e94WxxOpPKx9FR1FlyCtOVDNOQ+8ntlqFxiRc+r5qA==
  dependencies:
    color-convert "^1.9.0"

ansy@^1.0.0:
  version "1.0.15"
  resolved "https://registry.yarnpkg.com/ansy/-/ansy-1.0.15.tgz#3915c82eb71aa8ddc37721c8c6db66d50d44c207"
  integrity sha512-mQyNSn58HN7aEthofkap0hn8jg7/5SJWrB0ypExgcECOwLppc0njH+QBA9X5VMiEN9SM0JlFZWJQGycxxInAqg==
  dependencies:
    ansi-styles "^3.0.0"
    custom-return "^1.0.0"
    supports-color "^3.1.2"
    ul "^5.2.1"

benchmark@^2.0.0:
  version "2.1.4"
  resolved "https://registry.yarnpkg.com/benchmark/-/benchmark-2.1.4.tgz#09f3de31c916425d498cc2ee565a0ebf3c2a5629"
  integrity sha1-CfPeMckWQl1JjMLuVloOvzwqVik=
  dependencies:
    lodash "^4.17.4"
    platform "^1.3.3"

benchtable@0.1.0:
  version "0.1.0"
  resolved "https://registry.yarnpkg.com/benchtable/-/benchtable-0.1.0.tgz#b32a7d8442798106c1bd95bb18ca6cc9f995ff1c"
  integrity sha1-syp9hEJ5gQbBvZW7GMpsyfmV/xw=
  dependencies:
    benchmark "^2.0.0"
    cli-table "^0.3.1"
    color-it "^1.2.0"

cli-table@^0.3.1:
  version "0.3.6"
  resolved "https://registry.yarnpkg.com/cli-table/-/cli-table-0.3.6.tgz#e9d6aa859c7fe636981fd3787378c2a20bce92fc"
  integrity sha512-ZkNZbnZjKERTY5NwC2SeMeLeifSPq/pubeRoTpdr3WchLlnZg6hEgvHkK5zL7KNFdd9PmHN8lxrENUwI3cE8vQ==
  dependencies:
    colors "1.0.3"

color-convert@^1.0.0, color-convert@^1.9.0:
  version "1.9.3"
  resolved "https://registry.yarnpkg.com/color-convert/-/color-convert-1.9.3.tgz#bb71850690e1f136567de629d2d5471deda4c1e8"
  integrity sha512-QfAUtd+vFdAtFQcC8CCyYt1fYWxSqAiK2cSD6zDB8N3cpsEBAvRxp9zOGg6G/SHHJYAT88/az/IuDGALsNVbGg==
  dependencies:
    color-name "1.1.3"

color-it@^1.2.0:
  version "1.2.12"
  resolved "https://registry.yarnpkg.com/color-it/-/color-it-1.2.12.tgz#3be7c4e0c242b9b2e6c48312751f78645bdbe1cb"
  integrity sha512-15ymoygmMjfsrjfnxFcKGXk/7TFo0kuZ2ETBinKpBw4T4H5MZWDFa21fmwlwcJnOz4RzSGbYwi7lnUf2264vKw==
  dependencies:
    couleurs "^6.0.6"
    flat-colors "^3.1.0"
    iterate-object "^1.1.0"
    typpy "^2.3.3"

color-name@1.1.3:
  version "1.1.3"
  resolved "https://registry.yarnpkg.com/color-name/-/color-name-1.1.3.tgz#a7d0558bd89c42f795dd42328f740831ca53bc25"
  integrity sha1-p9BVi9icQveV3UIyj3QIMcpTvCU=

colors@1.0.3:
  version "1.0.3"
  resolved "https://registry.yarnpkg.com/colors/-/colors-1.0.3.tgz#0433f44d809680fdeb60ed260f1b0c262e82a40b"
  integrity sha1-BDP0TYCWgP3rYO0mDxsMJi6CpAs=

couleurs@^6.0.6:
  version "6.0.11"
  resolved "https://registry.yarnpkg.com/couleurs/-/couleurs-6.0.11.tgz#15aa838cba5df3036c01a1c782d40ca9ed47e480"
  integrity sha512-y5WUDtgQKw/tVViZCj3ACX8VseU0ONxiet8SRsE89uH4s/otRLXGOMymfVbKMFzedKOdxQpTcYWukRwkvgRYdw==
  dependencies:
    ansy "^1.0.0"
    color-convert "^1.0.0"
    iterate-object "^1.3.1"
    typpy "^2.3.1"

custom-return@^1.0.0:
  version "1.0.12"
  resolved "https://registry.yarnpkg.com/custom-return/-/custom-return-1.0.12.tgz#371bcda1f4baa63cd98c00e16b2d6523ba1b741e"
  integrity sha512-Xy6IlEV6gW5Iu4YRoQe0A5RG1mzezawcTXzAk7u28oB2UilRfbbOc1C7RmWE6AJ1inSm8gghCkIpo0LUQfLbvw==
  dependencies:
    noop6 "^1.0.0"

deffy@^2.2.2:
  version "2.2.4"
  resolved "https://registry.yarnpkg.com/deffy/-/deffy-2.2.4.tgz#53c1b5f59b58a58150b1c9de5529229875c4cc17"
  integrity sha512-pLc9lsbsWjr6RxmJ2OLyvm+9l4j1yK69h+TML/gUit/t3vTijpkNGh8LioaJYTGO7F25m6HZndADcUOo2PsiUg==
  dependencies:
    typpy "^2.0.0"

fast-array-diff@1.1.0:
  version "1.1.0"
  resolved "https://registry.yarnpkg.com/fast-array-diff/-/fast-array-diff-1.1.0.tgz#3f0a48b208f7d146671db6b4efdabf8995ad86be"
  integrity sha512-muSPyZa/yHCoDQhah9th57AmLENB1nekbrUoLAqOpQXdl1Kw8VbH24Syl5XLscaQJlx7KRU95bfTDPvVB5BJvw==

fast-diff@1.3.0:
  version "1.3.0"
  resolved "https://registry.yarnpkg.com/fast-diff/-/fast-diff-1.3.0.tgz#ece407fa550a64d638536cd727e129c61616e0f0"
  integrity sha512-VxPP4NqbUjj6MaAOafWeUn2cXWLcCtljklUtZf0Ind4XQ+QPtmA0b18zZy0jIQx+ExRVCR/ZQpBmik5lXshNsw==

fast-myers-diff@3.1.0:
  version "3.1.0"
  resolved "https://registry.yarnpkg.com/fast-myers-diff/-/fast-myers-diff-3.1.0.tgz#d9a285531b3324caf5d1c70857d75275ca0ff67d"
  integrity sha512-nLOy4sU1cxU+95gGmIiyjAKTmB1Nxaj2UUv9LnSgEv9pVqo2O7TJwQQZCtUJ+x8R5+zrwVn7XFUReb3efFjB/g==

flat-colors@^3.1.0:
  version "3.3.12"
  resolved "https://registry.yarnpkg.com/flat-colors/-/flat-colors-3.3.12.tgz#e93abe480cc3e78f9ea0563e3946f3162c849389"
  integrity sha512-SYIhhJ+ElZbyyz6+e+xpyN3EboppIg1h6nZaMyEeDwXSY6a3jjp/gANDBmj8xwu+mMflj4UWCPkxRIH+rExDMQ==

function.name@^1.0.3:
  version "1.0.13"
  resolved "https://registry.yarnpkg.com/function.name/-/function.name-1.0.13.tgz#eef045abc4b5ff4e3e9d001a53ce14e090c971c6"
  integrity sha512-mVrqdoy5npWZyoXl4DxCeuVF6delDcQjVS9aPdvLYlBxtMTZDR2B5GVEQEoM1jJyspCqg3C0v4ABkLE7tp9xFA==
  dependencies:
    noop6 "^1.0.1"

has-flag@^1.0.0:
  version "1.0.0"
  resolved "https://registry.yarnpkg.com/has-flag/-/has-flag-1.0.0.tgz#9d9e793165ce017a00f00418c43f942a7b1d11fa"
  integrity sha1-nZ55MWXOAXoA8AQYxD+UKnsdEfo=

iterate-object@^1.1.0, iterate-object@^1.3.1:
  version "1.3.4"
  resolved "https://registry.yarnpkg.com/iterate-object/-/iterate-object-1.3.4.tgz#fa50b1d9e58e340a7dd6b4c98c8a5e182e790096"
  integrity sha512-4dG1D1x/7g8PwHS9aK6QV5V94+ZvyP4+d19qDv43EzImmrndysIl4prmJ1hWWIGCqrZHyaHBm6BSEWHOLnpoNw==

lodash@^4.17.4:
  version "4.17.21"
  resolved "https://registry.yarnpkg.com/lodash/-/lodash-4.17.21.tgz#679591c564c3bffaae8454cf0b3df370c3d6911c"
  integrity sha512-v2kDEe57lecTulaDIuNTPy3Ry4gLGJ6Z1O3vE1krgXZNrsQ+LFTGHVxVjcXPs17LhbZVGedAJv8XZ1tvj5FvSg==

myers-diff@2.1.0:
  version "2.1.0"
  resolved "https://registry.yarnpkg.com/myers-diff/-/myers-diff-2.1.0.tgz#44c54a33937337c0b9bd1bf89ed5fd96e3e2cb57"
  integrity sha512-6s/caiGUb5vNH9kq5HPw9t9OzAq6hTJ5V5N5Damd/npcp+stLg2LxQIcgJa9o51qbfTVgfth6/yVCoJvZY85BQ==

noop6@^1.0.0, noop6@^1.0.1:
  version "1.0.9"
  resolved "https://registry.yarnpkg.com/noop6/-/noop6-1.0.9.tgz#8749944c15c09f2cd2d562ac24f5a8341762a950"
  integrity sha512-DB3Hwyd89dPr5HqEPg3YHjzvwh/mCqizC1zZ8vyofqc+TQRyPDnT4wgXXbLGF4z9YAzwwTLi8pNLhGqcbSjgkA==

platform@^1.3.3:
  version "1.3.6"
  resolved "https://registry.yarnpkg.com/platform/-/platform-1.3.6.tgz#48b4ce983164b209c2d45a107adb31f473a6e7a7"
  integrity sha512-fnWVljUchTro6RiCFvCXBbNhJc2NijN7oIQxbwsyL0buWJPG85v81ehlHI9fXrJsMNgTofEoWIQeClKpgxFLrg==

seedrandom@3.0.5:
  version "3.0.5"
  resolved "https://registry.yarnpkg.com/seedrandom/-/seedrandom-3.0.5.tgz#54edc85c95222525b0c7a6f6b3543d8e0b3aa0a7"
  integrity sha512-8OwmbklUNzwezjGInmZ+2clQmExQPvomqjL7LFqOYqtmuxRgQYqOD3mHaU+MvZn5FLUeVxVfQjwLZW/n/JFuqg==

supports-color@^3.1.2:
  version "3.2.3"
  resolved "https://registry.yarnpkg.com/supports-color/-/supports-color-3.2.3.tgz#65ac0504b3954171d8a64946b2ae3cbb8a5f54f6"
  integrity sha1-ZawFBLOVQXHYpklGsq48u4pfVPY=
  dependencies:
    has-flag "^1.0.0"

typpy@^2.0.0, typpy@^2.3.1, typpy@^2.3.3, typpy@^2.3.4:
  version "2.3.13"
  resolved "https://registry.yarnpkg.com/typpy/-/typpy-2.3.13.tgz#7e16a3aa83d7eecdfbd5ee615b9ffd785887ee7e"
  integrity sha512-vOxIcQz9sxHi+rT09SJ5aDgVgrPppQjwnnayTrMye1ODaU8gIZTDM19t9TxmEElbMihx2Nq/0/b/MtyKfayRqA==
  dependencies:
    function.name "^1.0.3"

ul@^5.2.1:
  version "5.2.15"
  resolved "https://registry.yarnpkg.com/ul/-/ul-5.2.15.tgz#426425355ae15df2d5d09b351aade26ed06dd9ed"
  integrity sha512-svLEUy8xSCip5IWnsRa0UOg+2zP0Wsj4qlbjTmX6GJSmvKMHADBuHOm1dpNkWqWPIGuVSqzUkV3Cris5JrlTRQ==
  dependencies:
    deffy "^2.2.2"
    typpy "^2.3.4"
